
Microsoft Visual Studio Solution File, Format Version 12.00
# Visual Studio Version 16
VisualStudioVersion = 16.0.31702.278
MinimumVisualStudioVersion = 10.0.40219.1
Project("{FAE04EC0-301F-11D3-BF4B-00C04F79EFBC}") = "RS485传感器配置工具", "RS485传感器配置工具.csproj", "{3D071592-3AE1-4468-B461-4B5E664243EE}"
EndProject
Global
	GlobalSection(SolutionConfigurationPlatforms) = preSolution
		Debug|Any CPU = Debug|Any CPU
		Release|Any CPU = Release|Any CPU
	EndGlobalSection
	GlobalSection(ProjectConfigurationPlatforms) = postSolution
		{3D071592-3AE1-4468-B461-4B5E664243EE}.Debug|Any CPU.ActiveCfg = Debug|Any CPU
		{3D071592-3AE1-4468-B461-4B5E664243EE}.Debug|Any CPU.Build.0 = Debug|Any CPU
		{3D071592-3AE1-4468-B461-4B5E664243EE}.Release|Any CPU.ActiveCfg = Release|Any CPU
		{3D071592-3AE1-4468-B461-4B5E664243EE}.Release|Any CPU.Build.0 = Release|Any CPU
	EndGlobalSection
	GlobalSection(SolutionProperties) = preSolution
		HideSolutionNode = FALSE
	EndGlobalSection
	GlobalSection(ExtensibilityGlobals) = postSolution
		SolutionGuid = {D891CFEE-EA29-4474-B696-8B7A11F4A87A}
	EndGlobalSection
EndGlobal
